// !$*UTF8*$!
{
	archiveVersion = 1;
	classes = {
	};
	objectVersion = 50;
	objects = {

/* Begin PBXBuildFile section */
		044B877124AAE392007CAE3C /* AppDelegate.swift in Sources */ = {isa = PBXBuildFile; fileRef = 044B877024AAE392007CAE3C /* AppDelegate.swift */; };
		044B877524AAE392007CAE3C /* ViewController.swift in Sources */ = {isa = PBXBuildFile; fileRef = 044B877424AAE392007CAE3C /* ViewController.swift */; };
		044B877824AAE392007CAE3C /* Main.storyboard in Resources */ = {isa = PBXBuildFile; fileRef = 044B877624AAE392007CAE3C /* Main.storyboard */; };
		044B877B24AAE392007CAE3C /* Homework.xcdatamodeld in Sources */ = {isa = PBXBuildFile; fileRef = 044B877924AAE392007CAE3C /* Homework.xcdatamodeld */; };
		044B877D24AAE393007CAE3C /* Assets.xcassets in Resources */ = {isa = PBXBuildFile; fileRef = 044B877C24AAE393007CAE3C /* Assets.xcassets */; };
		044B878024AAE393007CAE3C /* LaunchScreen.storyboard in Resources */ = {isa = PBXBuildFile; fileRef = 044B877E24AAE393007CAE3C /* LaunchScreen.storyboard */; };
		044B87AB24AB1B78007CAE3C /* KakaoOpenSDK.framework in Frameworks */ = {isa = PBXBuildFile; fileRef = 044B87AA24AB1B78007CAE3C /* KakaoOpenSDK.framework */; };
		044B87AC24AB1B85007CAE3C /* KakaoOpenSDK.framework in Frameworks */ = {isa = PBXBuildFile; fileRef = 044B87AA24AB1B78007CAE3C /* KakaoOpenSDK.framework */; };
		044B87AD24AB1B85007CAE3C /* KakaoOpenSDK.framework in Embed Frameworks */ = {isa = PBXBuildFile; fileRef = 044B87AA24AB1B78007CAE3C /* KakaoOpenSDK.framework */; settings = {ATTRIBUTES = (CodeSignOnCopy, RemoveHeadersOnCopy, ); }; };
		75E5FB685EDA7DFA6E6FEC62 /* Pods_Homework.framework in Frameworks */ = {isa = PBXBuildFile; fileRef = 7A4B0991B484E3355B4FE503 /* Pods_Homework.framework */; };
/* End PBXBuildFile section */

/* Begin PBXCopyFilesBuildPhase section */
		044B878F24AAFE87007CAE3C /* Embed Frameworks */ = {
			isa = PBXCopyFilesBuildPhase;
			buildActionMask = 2147483647;
			dstPath = "";
			dstSubfolderSpec = 10;
			files = (
				044B87AD24AB1B85007CAE3C /* KakaoOpenSDK.framework in Embed Frameworks */,
			);
			name = "Embed Frameworks";
			runOnlyForDeploymentPostprocessing = 0;
		};
/* End PBXCopyFilesBuildPhase section */

/* Begin PBXFileReference section */
		044B876D24AAE392007CAE3C /* Homework.app */ = {isa = PBXFileReference; explicitFileType = wrapper.application; includeInIndex = 0; path = Homework.app; sourceTree = BUILT_PRODUCTS_DIR; };
		044B877024AAE392007CAE3C /* AppDelegate.swift */ = {isa = PBXFileReference; lastKnownFileType = sourcecode.swift; path = AppDelegate.swift; sourceTree = "<group>"; };
		044B877424AAE392007CAE3C /* ViewController.swift */ = {isa = PBXFileReference; lastKnownFileType = sourcecode.swift; path = ViewController.swift; sourceTree = "<group>"; };
		044B877724AAE392007CAE3C /* Base */ = {isa = PBXFileReference; lastKnownFileType = file.storyboard; name = Base; path = Base.lproj/Main.storyboard; sourceTree = "<group>"; };
		044B877A24AAE392007CAE3C /* Homework.xcdatamodel */ = {isa = PBXFileReference; lastKnownFileType = wrapper.xcdatamodel; path = Homework.xcdatamodel; sourceTree = "<group>"; };
		044B877C24AAE393007CAE3C /* Assets.xcassets */ = {isa = PBXFileReference; lastKnownFileType = folder.assetcatalog; path = Assets.xcassets; sourceTree = "<group>"; };
		044B877F24AAE393007CAE3C /* Base */ = {isa = PBXFileReference; lastKnownFileType = file.storyboard; name = Base; path = Base.lproj/LaunchScreen.storyboard; sourceTree = "<group>"; };
		044B878124AAE393007CAE3C /* Info.plist */ = {isa = PBXFileReference; lastKnownFileType = text.plist.xml; path = Info.plist; sourceTree = "<group>"; };
		044B879E24AB1A20007CAE3C /* Homework-Bridging-Header.h */ = {isa = PBXFileReference; lastKnownFileType = sourcecode.c.h; path = "Homework-Bridging-Header.h"; sourceTree = "<group>"; };
		044B87AA24AB1B78007CAE3C /* KakaoOpenSDK.framework */ = {isa = PBXFileReference; lastKnownFileType = wrapper.framework; path = KakaoOpenSDK.framework; sourceTree = "<group>"; };
		604DFF2FC84EA3B05E42C879 /* Pods-Homework.release.xcconfig */ = {isa = PBXFileReference; includeInIndex = 1; lastKnownFileType = text.xcconfig; name = "Pods-Homework.release.xcconfig"; path = "Pods/Target Support Files/Pods-Homework/Pods-Homework.release.xcconfig"; sourceTree = "<group>"; };
		7A4B0991B484E3355B4FE503 /* Pods_Homework.framework */ = {isa = PBXFileReference; explicitFileType = wrapper.framework; includeInIndex = 0; path = Pods_Homework.framework; sourceTree = BUILT_PRODUCTS_DIR; };
		C3EED09A361F1E573EDEEB45 /* Pods-Homework.debug.xcconfig */ = {isa = PBXFileReference; includeInIndex = 1; lastKnownFileType = text.xcconfig; name = "Pods-Homework.debug.xcconfig"; path = "Pods/Target Support Files/Pods-Homework/Pods-Homework.debug.xcconfig"; sourceTree = "<group>"; };
/* End PBXFileReference section */

/* Begin PBXFrameworksBuildPhase section */
		044B876A24AAE392007CAE3C /* Frameworks */ = {
			isa = PBXFrameworksBuildPhase;
			buildActionMask = 2147483647;
			files = (
				75E5FB685EDA7DFA6E6FEC62 /* Pods_Homework.framework in Frameworks */,
				044B87AB24AB1B78007CAE3C /* KakaoOpenSDK.framework in Frameworks */,
				044B87AC24AB1B85007CAE3C /* KakaoOpenSDK.framework in Frameworks */,
			);
			runOnlyForDeploymentPostprocessing = 0;
		};
/* End PBXFrameworksBuildPhase section */

/* Begin PBXGroup section */
		044B876424AAE392007CAE3C = {
			isa = PBXGroup;
			children = (
				044B876F24AAE392007CAE3C /* Homework */,
				044B876E24AAE392007CAE3C /* Products */,
				6A38D48F801C47676C882463 /* Pods */,
				EDECE94ADB8D7E95C8A40442 /* Frameworks */,
			);
			sourceTree = "<group>";
		};
		044B876E24AAE392007CAE3C /* Products */ = {
			isa = PBXGroup;
			children = (
				044B876D24AAE392007CAE3C /* Homework.app */,
			);
			name = Products;
			sourceTree = "<group>";
		};
		044B876F24AAE392007CAE3C /* Homework */ = {
			isa = PBXGroup;
			children = (
				044B878924AAE3D0007CAE3C /* Storyboards */,
				044B878824AAE3C5007CAE3C /* ViewContollers */,
				044B878724AAE3B2007CAE3C /* SupportingFiles */,
			);
			path = Homework;
			sourceTree = "<group>";
		};
		044B878724AAE3B2007CAE3C /* SupportingFiles */ = {
			isa = PBXGroup;
			children = (
				044B87AA24AB1B78007CAE3C /* KakaoOpenSDK.framework */,
				044B877024AAE392007CAE3C /* AppDelegate.swift */,
				044B877C24AAE393007CAE3C /* Assets.xcassets */,
				044B878124AAE393007CAE3C /* Info.plist */,
				044B877924AAE392007CAE3C /* Homework.xcdatamodeld */,
				044B879E24AB1A20007CAE3C /* Homework-Bridging-Header.h */,
			);
			path = SupportingFiles;
			sourceTree = "<group>";
		};
		044B878824AAE3C5007CAE3C /* ViewContollers */ = {
			isa = PBXGroup;
			children = (
				044B877424AAE392007CAE3C /* ViewController.swift */,
			);
			path = ViewContollers;
			sourceTree = "<group>";
		};
		044B878924AAE3D0007CAE3C /* Storyboards */ = {
			isa = PBXGroup;
			children = (
				044B877624AAE392007CAE3C /* Main.storyboard */,
				044B877E24AAE393007CAE3C /* LaunchScreen.storyboard */,
			);
			path = Storyboards;
			sourceTree = "<group>";
		};
		6A38D48F801C47676C882463 /* Pods */ = {
			isa = PBXGroup;
			children = (
				C3EED09A361F1E573EDEEB45 /* Pods-Homework.debug.xcconfig */,
				604DFF2FC84EA3B05E42C879 /* Pods-Homework.release.xcconfig */,
			);
			name = Pods;
			sourceTree = "<group>";
		};
		EDECE94ADB8D7E95C8A40442 /* Frameworks */ = {
			isa = PBXGroup;
			children = (
				7A4B0991B484E3355B4FE503 /* Pods_Homework.framework */,
			);
			name = Frameworks;
			sourceTree = "<group>";
		};
/* End PBXGroup section */

/* Begin PBXNativeTarget section */
		044B876C24AAE392007CAE3C /* Homework */ = {
			isa = PBXNativeTarget;
			buildConfigurationList = 044B878424AAE393007CAE3C /* Build configuration list for PBXNativeTarget "Homework" */;
			buildPhases = (
				ADB574A12C6A1F451859AEEF /* [CP] Check Pods Manifest.lock */,
				044B876924AAE392007CAE3C /* Sources */,
				044B876A24AAE392007CAE3C /* Frameworks */,
				044B876B24AAE392007CAE3C /* Resources */,
				C3D84D67112956D609D03F0C /* [CP] Embed Pods Frameworks */,
				044B878F24AAFE87007CAE3C /* Embed Frameworks */,
			);
			buildRules = (
			);
			dependencies = (
			);
			name = Homework;
			productName = Homework;
			productReference = 044B876D24AAE392007CAE3C /* Homework.app */;
			productType = "com.apple.product-type.application";
		};
/* End PBXNativeTarget section */

/* Begin PBXProject section */
		044B876524AAE392007CAE3C /* Project object */ = {
			isa = PBXProject;
			attributes = {
				LastSwiftUpdateCheck = 1140;
				LastUpgradeCheck = 1140;
				ORGANIZATIONNAME = zehye;
				TargetAttributes = {
					044B876C24AAE392007CAE3C = {
						CreatedOnToolsVersion = 11.4.1;
						LastSwiftMigration = 1140;
					};
				};
			};
			buildConfigurationList = 044B876824AAE392007CAE3C /* Build configuration list for PBXProject "Homework" */;
			compatibilityVersion = "Xcode 9.3";
			developmentRegion = en;
			hasScannedForEncodings = 0;
			knownRegions = (
				en,
				Base,
			);
			mainGroup = 044B876424AAE392007CAE3C;
			productRefGroup = 044B876E24AAE392007CAE3C /* Products */;
			projectDirPath = "";
			projectRoot = "";
			targets = (
				044B876C24AAE392007CAE3C /* Homework */,
			);
		};
/* End PBXProject section */

/* Begin PBXResourcesBuildPhase section */
		044B876B24AAE392007CAE3C /* Resources */ = {
			isa = PBXResourcesBuildPhase;
			buildActionMask = 2147483647;
			files = (
				044B878024AAE393007CAE3C /* LaunchScreen.storyboard in Resources */,
				044B877D24AAE393007CAE3C /* Assets.xcassets in Resources */,
				044B877824AAE392007CAE3C /* Main.storyboard in Resources */,
			);
			runOnlyForDeploymentPostprocessing = 0;
		};
/* End PBXResourcesBuildPhase section */

/* Begin PBXShellScriptBuildPhase section */
		ADB574A12C6A1F451859AEEF /* [CP] Check Pods Manifest.lock */ = {
			isa = PBXShellScriptBuildPhase;
			buildActionMask = 2147483647;
			files = (
			);
			inputPaths = (
				"${PODS_PODFILE_DIR_PATH}/Podfile.lock",
				"${PODS_ROOT}/Manifest.lock",
			);
			name = "[CP] Check Pods Manifest.lock";
			outputPaths = (
				"$(DERIVED_FILE_DIR)/Pods-Homework-checkManifestLockResult.txt",
			);
			runOnlyForDeploymentPostprocessing = 0;
			shellPath = /bin/sh;
			shellScript = "diff \"${PODS_PODFILE_DIR_PATH}/Podfile.lock\" \"${PODS_ROOT}/Manifest.lock\" > /dev/null\nif [ $? != 0 ] ; then\n    # print error to STDERR\n    echo \"error: The sandbox is not in sync with the Podfile.lock. Run 'pod install' or update your CocoaPods installation.\" >&2\n    exit 1\nfi\n# This output is used by Xcode 'outputs' to avoid re-running this script phase.\necho \"SUCCESS\" > \"${SCRIPT_OUTPUT_FILE_0}\"\n";
			showEnvVarsInLog = 0;
		};
		C3D84D67112956D609D03F0C /* [CP] Embed Pods Frameworks */ = {
			isa = PBXShellScriptBuildPhase;
			buildActionMask = 2147483647;
			files = (
			);
			inputPaths = (
				"${SRCROOT}/Pods/Target Support Files/Pods-Homework/Pods-Homework-frameworks.sh",
				"${BUILT_PRODUCTS_DIR}/Alamofire/Alamofire.framework",
			);
			name = "[CP] Embed Pods Frameworks";
			outputPaths = (
				"${TARGET_BUILD_DIR}/${FRAMEWORKS_FOLDER_PATH}/Alamofire.framework",
			);
			runOnlyForDeploymentPostprocessing = 0;
			shellPath = /bin/sh;
			shellScript = "\"${SRCROOT}/Pods/Target Support Files/Pods-Homework/Pods-Homework-frameworks.sh\"\n";
			showEnvVarsInLog = 0;
		};
/* End PBXShellScriptBuildPhase section */

/* Begin PBXSourcesBuildPhase section */
		044B876924AAE392007CAE3C /* Sources */ = {
			isa = PBXSourcesBuildPhase;
			buildActionMask = 2147483647;
			files = (
				044B877524AAE392007CAE3C /* ViewController.swift in Sources */,
				044B877B24AAE392007CAE3C /* Homework.xcdatamodeld in Sources */,
				044B877124AAE392007CAE3C /* AppDelegate.swift in Sources */,
			);
			runOnlyForDeploymentPostprocessing = 0;
		};
/* End PBXSourcesBuildPhase section */

/* Begin PBXVariantGroup section */
		044B877624AAE392007CAE3C /* Main.storyboard */ = {
			isa = PBXVariantGroup;
			children = (
				044B877724AAE392007CAE3C /* Base */,
			);
			name = Main.storyboard;
			sourceTree = "<group>";
		};
		044B877E24AAE393007CAE3C /* LaunchScreen.storyboard */ = {
			isa = PBXVariantGroup;
			children = (
				044B877F24AAE393007CAE3C /* Base */,
			);
			name = LaunchScreen.storyboard;
			sourceTree = "<group>";
		};
/* End PBXVariantGroup section */

/* Begin XCBuildConfiguration section */
		044B878224AAE393007CAE3C /* Debug */ = {
			isa = XCBuildConfiguration;
			buildSettings = {
				ALWAYS_SEARCH_USER_PATHS = NO;
				CLANG_ANALYZER_NONNULL = YES;
				CLANG_ANALYZER_NUMBER_OBJECT_CONVERSION = YES_AGGRESSIVE;
				CLANG_CXX_LANGUAGE_STANDARD = "gnu++14";
				CLANG_CXX_LIBRARY = "libc++";
				CLANG_ENABLE_MODULES = YES;
				CLANG_ENABLE_OBJC_ARC = YES;
				CLANG_ENABLE_OBJC_WEAK = YES;
				CLANG_WARN_BLOCK_CAPTURE_AUTORELEASING = YES;
				CLANG_WARN_BOOL_CONVERSION = YES;
				CLANG_WARN_COMMA = YES;
				CLANG_WARN_CONSTANT_CONVERSION = YES;
				CLANG_WARN_DEPRECATED_OBJC_IMPLEMENTATIONS = YES;
				CLANG_WARN_DIRECT_OBJC_ISA_USAGE = YES_ERROR;
				CLANG_WARN_DOCUMENTATION_COMMENTS = YES;
				CLANG_WARN_EMPTY_BODY = YES;
				CLANG_WARN_ENUM_CONVERSION = YES;
				CLANG_WARN_INFINITE_RECURSION = YES;
				CLANG_WARN_INT_CONVERSION = YES;
				CLANG_WARN_NON_LITERAL_NULL_CONVERSION = YES;
				CLANG_WARN_OBJC_IMPLICIT_RETAIN_SELF = YES;
				CLANG_WARN_OBJC_LITERAL_CONVERSION = YES;
				CLANG_WARN_OBJC_ROOT_CLASS = YES_ERROR;
				CLANG_WARN_RANGE_LOOP_ANALYSIS = YES;
				CLANG_WARN_STRICT_PROTOTYPES = YES;
				CLANG_WARN_SUSPICIOUS_MOVE = YES;
				CLANG_WARN_UNGUARDED_AVAILABILITY = YES_AGGRESSIVE;
				CLANG_WARN_UNREACHABLE_CODE = YES;
				CLANG_WARN__DUPLICATE_METHOD_MATCH = YES;
				COPY_PHASE_STRIP = NO;
				DEBUG_INFORMATION_FORMAT = dwarf;
				ENABLE_STRICT_OBJC_MSGSEND = YES;
				ENABLE_TESTABILITY = YES;
				GCC_C_LANGUAGE_STANDARD = gnu11;
				GCC_DYNAMIC_NO_PIC = NO;
				GCC_NO_COMMON_BLOCKS = YES;
				GCC_OPTIMIZATION_LEVEL = 0;
				GCC_PREPROCESSOR_DEFINITIONS = (
					"DEBUG=1",
					"$(inherited)",
				);
				GCC_WARN_64_TO_32_BIT_CONVERSION = YES;
				GCC_WARN_ABOUT_RETURN_TYPE = YES_ERROR;
				GCC_WARN_UNDECLARED_SELECTOR = YES;
				GCC_WARN_UNINITIALIZED_AUTOS = YES_AGGRESSIVE;
				GCC_WARN_UNUSED_FUNCTION = YES;
				GCC_WARN_UNUSED_VARIABLE = YES;
				IPHONEOS_DEPLOYMENT_TARGET = 13.4;
				MTL_ENABLE_DEBUG_INFO = INCLUDE_SOURCE;
				MTL_FAST_MATH = YES;
				ONLY_ACTIVE_ARCH = YES;
				OTHER_LDFLAGS = "-all_load";
				SDKROOT = iphoneos;
				SWIFT_ACTIVE_COMPILATION_CONDITIONS = DEBUG;
				SWIFT_OPTIMIZATION_LEVEL = "-Onone";
			};
			name = Debug;
		};
		044B878324AAE393007CAE3C /* Release */ = {
			isa = XCBuildConfiguration;
			buildSettings = {
				ALWAYS_SEARCH_USER_PATHS = NO;
				CLANG_ANALYZER_NONNULL = YES;
				CLANG_ANALYZER_NUMBER_OBJECT_CONVERSION = YES_AGGRESSIVE;
				CLANG_CXX_LANGUAGE_STANDARD = "gnu++14";
				CLANG_CXX_LIBRARY = "libc++";
				CLANG_ENABLE_MODULES = YES;
				CLANG_ENABLE_OBJC_ARC = YES;
				CLANG_ENABLE_OBJC_WEAK = YES;
				CLANG_WARN_BLOCK_CAPTURE_AUTORELEASING = YES;
				CLANG_WARN_BOOL_CONVERSION = YES;
				CLANG_WARN_COMMA = YES;
				CLANG_WARN_CONSTANT_CONVERSION = YES;
				CLANG_WARN_DEPRECATED_OBJC_IMPLEMENTATIONS = YES;
				CLANG_WARN_DIRECT_OBJC_ISA_USAGE = YES_ERROR;
				CLANG_WARN_DOCUMENTATION_COMMENTS = YES;
				CLANG_WARN_EMPTY_BODY = YES;
				CLANG_WARN_ENUM_CONVERSION = YES;
				CLANG_WARN_INFINITE_RECURSION = YES;
				CLANG_WARN_INT_CONVERSION = YES;
				CLANG_WARN_NON_LITERAL_NULL_CONVERSION = YES;
				CLANG_WARN_OBJC_IMPLICIT_RETAIN_SELF = YES;
				CLANG_WARN_OBJC_LITERAL_CONVERSION = YES;
				CLANG_WARN_OBJC_ROOT_CLASS = YES_ERROR;
				CLANG_WARN_RANGE_LOOP_ANALYSIS = YES;
				CLANG_WARN_STRICT_PROTOTYPES = YES;
				CLANG_WARN_SUSPICIOUS_MOVE = YES;
				CLANG_WARN_UNGUARDED_AVAILABILITY = YES_AGGRESSIVE;
				CLANG_WARN_UNREACHABLE_CODE = YES;
				CLANG_WARN__DUPLICATE_METHOD_MATCH = YES;
				COPY_PHASE_STRIP = NO;
				DEBUG_INFORMATION_FORMAT = "dwarf-with-dsym";
				ENABLE_NS_ASSERTIONS = NO;
				ENABLE_STRICT_OBJC_MSGSEND = YES;
				GCC_C_LANGUAGE_STANDARD = gnu11;
				GCC_NO_COMMON_BLOCKS = YES;
				GCC_WARN_64_TO_32_BIT_CONVERSION = YES;
				GCC_WARN_ABOUT_RETURN_TYPE = YES_ERROR;
				GCC_WARN_UNDECLARED_SELECTOR = YES;
				GCC_WARN_UNINITIALIZED_AUTOS = YES_AGGRESSIVE;
				GCC_WARN_UNUSED_FUNCTION = YES;
				GCC_WARN_UNUSED_VARIABLE = YES;
				IPHONEOS_DEPLOYMENT_TARGET = 13.4;
				MTL_ENABLE_DEBUG_INFO = NO;
				MTL_FAST_MATH = YES;
				OTHER_LDFLAGS = "-all_load";
				SDKROOT = iphoneos;
				SWIFT_COMPILATION_MODE = wholemodule;
				SWIFT_OPTIMIZATION_LEVEL = "-O";
				VALIDATE_PRODUCT = YES;
			};
			name = Release;
		};
		044B878524AAE393007CAE3C /* Debug */ = {
			isa = XCBuildConfiguration;
			baseConfigurationReference = C3EED09A361F1E573EDEEB45 /* Pods-Homework.debug.xcconfig */;
			buildSettings = {
				ASSETCATALOG_COMPILER_APPICON_NAME = AppIcon;
				CLANG_ENABLE_MODULES = YES;
				CODE_SIGN_STYLE = Automatic;
				FRAMEWORK_SEARCH_PATHS = (
					"$(inherited)",
					"$(PROJECT_DIR)/Homework/SupportingFiles",
				);
				INFOPLIST_FILE = Homework/SupportingFiles/Info.plist;
				IPHONEOS_DEPLOYMENT_TARGET = 10.0;
				LD_RUNPATH_SEARCH_PATHS = (
					"$(inherited)",
					"@executable_path/Frameworks",
				);
				OTHER_LDFLAGS = "-all_load";
				PRODUCT_BUNDLE_IDENTIFIER = swift.Homework;
				PRODUCT_NAME = "$(TARGET_NAME)";
				SWIFT_OBJC_BRIDGING_HEADER = "Homework/SupportingFiles/Homework-Bridging-Header.h";
				SWIFT_OPTIMIZATION_LEVEL = "-Onone";
				SWIFT_VERSION = 5.0;
				TARGETED_DEVICE_FAMILY = "1,2";
			};
			name = Debug;
		};
		044B878624AAE393007CAE3C /* Release */ = {
			isa = XCBuildConfiguration;
			baseConfigurationReference = 604DFF2FC84EA3B05E42C879 /* Pods-Homework.release.xcconfig */;
			buildSettings = {
				ASSETCATALOG_COMPILER_APPICON_NAME = AppIcon;
				CLANG_ENABLE_MODULES = YES;
				CODE_SIGN_STYLE = Automatic;
				FRAMEWORK_SEARCH_PATHS = (
					"$(inherited)",
					"$(PROJECT_DIR)/Homework/SupportingFiles",
				);
				INFOPLIST_FILE = Homework/SupportingFiles/Info.plist;
				IPHONEOS_DEPLOYMENT_TARGET = 10.0;
				LD_RUNPATH_SEARCH_PATHS = (
					"$(inherited)",
					"@executable_path/Frameworks",
				);
				OTHER_LDFLAGS = "-all_load";
				PRODUCT_BUNDLE_IDENTIFIER = swift.Homework;
				PRODUCT_NAME = "$(TARGET_NAME)";
				SWIFT_OBJC_BRIDGING_HEADER = "Homework/SupportingFiles/Homework-Bridging-Header.h";
				SWIFT_VERSION = 5.0;
				TARGETED_DEVICE_FAMILY = "1,2";
			};
			name = Release;
		};
/* End XCBuildConfiguration section */

/* Begin XCConfigurationList section */
		044B876824AAE392007CAE3C /* Build configuration list for PBXProject "Homework" */ = {
			isa = XCConfigurationList;
			buildConfigurations = (
				044B878224AAE393007CAE3C /* Debug */,
				044B878324AAE393007CAE3C /* Release */,
			);
			defaultConfigurationIsVisible = 0;
			defaultConfigurationName = Release;
		};
		044B878424AAE393007CAE3C /* Build configuration list for PBXNativeTarget "Homework" */ = {
			isa = XCConfigurationList;
			buildConfigurations = (
				044B878524AAE393007CAE3C /* Debug */,
				044B878624AAE393007CAE3C /* Release */,
			);
			defaultConfigurationIsVisible = 0;
			defaultConfigurationName = Release;
		};
/* End XCConfigurationList section */

/* Begin XCVersionGroup section */
		044B877924AAE392007CAE3C /* Homework.xcdatamodeld */ = {
			isa = XCVersionGroup;
			children = (
				044B877A24AAE392007CAE3C /* Homework.xcdatamodel */,
			);
			currentVersion = 044B877A24AAE392007CAE3C /* Homework.xcdatamodel */;
			path = Homework.xcdatamodeld;
			sourceTree = "<group>";
			versionGroupType = wrapper.xcdatamodel;
		};
/* End XCVersionGroup section */
	};
	rootObject = 044B876524AAE392007CAE3C /* Project object */;
}
